// !$*UTF8*$!
{
	archiveVersion = 1;
	classes = {
	};
	objectVersion = 46;
	objects = {

/* Begin PBXBuildFile section */
		339FC2A81AA20F1F00062C3F /* main.cpp in Sources */ = {isa = PBXBuildFile; fileRef = 339FC2A71AA20F1F00062C3F /* main.cpp */; };
/* End PBXBuildFile section */

/* Begin PBXCopyFilesBuildPhase section */
		339FC2A21AA20F1F00062C3F /* CopyFiles */ = {
			isa = PBXCopyFilesBuildPhase;
			buildActionMask = 2147483647;
			dstPath = /usr/share/man/man1/;
			dstSubfolderSpec = 0;
			files = (
			);
			runOnlyForDeploymentPostprocessing = 1;
		};
/* End PBXCopyFilesBuildPhase section */

/* Begin PBXFileReference section */
		339FC2A41AA20F1F00062C3F /* taskStorage */ = {isa = PBXFileReference; explicitFileType = "compiled.mach-o.executable"; includeInIndex = 0; path = taskStorage; sourceTree = BUILT_PRODUCTS_DIR; };
		339FC2A71AA20F1F00062C3F /* main.cpp */ = {isa = PBXFileReference; lastKnownFileType = sourcecode.cpp.cpp; path = main.cpp; sourceTree = "<group>"; };
		339FC2AE1AA20F2D00062C3F /* taskStorage.h */ = {isa = PBXFileReference; lastKnownFileType = sourcecode.c.h; path = taskStorage.h; sourceTree = "<group>"; };
/* End PBXFileReference section */

/* Begin PBXFrameworksBuildPhase section */
		339FC2A11AA20F1F00062C3F /* Frameworks */ = {
			isa = PBXFrameworksBuildPhase;
			buildActionMask = 2147483647;
			files = (
			);
			runOnlyForDeploymentPostprocessing = 0;
		};
/* End PBXFrameworksBuildPhase section */

/* Begin PBXGroup section */
		339FC29B1AA20F1F00062C3F = {
			isa = PBXGroup;
			children = (
				339FC2A61AA20F1F00062C3F /* taskStorage */,
				339FC2A51AA20F1F00062C3F /* Products */,
			);
			sourceTree = "<group>";
		};
		339FC2A51AA20F1F00062C3F /* Products */ = {
			isa = PBXGroup;
			children = (
				339FC2A41AA20F1F00062C3F /* taskStorage */,
			);
			name = Products;
			sourceTree = "<group>";
		};
		339FC2A61AA20F1F00062C3F /* taskStorage */ = {
			isa = PBXGroup;
			children = (
				339FC2A71AA20F1F00062C3F /* main.cpp */,
				339FC2AE1AA20F2D00062C3F /* taskStorage.h */,
			);
			path = taskStorage;
			sourceTree = "<group>";
		};
/* End PBXGroup section */

/* Begin PBXNativeTarget section */
		339FC2A31AA20F1F00062C3F /* taskStorage */ = {
			isa = PBXNativeTarget;
			buildConfigurationList = 339FC2AB1AA20F1F00062C3F /* Build configuration list for PBXNativeTarget "taskStorage" */;
			buildPhases = (
				339FC2A01AA20F1F00062C3F /* Sources */,
				339FC2A11AA20F1F00062C3F /* Frameworks */,
				339FC2A21AA20F1F00062C3F /* CopyFiles */,
			);
			buildRules = (
			);
			dependencies = (
			);
			name = taskStorage;
			productName = taskStorage;
			productReference = 339FC2A41AA20F1F00062C3F /* taskStorage */;
			productType = "com.apple.product-type.tool";
		};
/* End PBXNativeTarget section */

/* Begin PBXProject section */
		339FC29C1AA20F1F00062C3F /* Project object */ = {
			isa = PBXProject;
			attributes = {
				LastUpgradeCheck = 0610;
				ORGANIZATIONNAME = "Name: Han Qinfei";
				TargetAttributes = {
					339FC2A31AA20F1F00062C3F = {
						CreatedOnToolsVersion = 6.1.1;
					};
				};
			};
			buildConfigurationList = 339FC29F1AA20F1F00062C3F /* Build configuration list for PBXProject "taskStorage" */;
			compatibilityVersion = "Xcode 3.2";
			developmentRegion = English;
			hasScannedForEncodings = 0;
			knownRegions = (
				en,
			);
			mainGroup = 339FC29B1AA20F1F00062C3F;
			productRefGroup = 339FC2A51AA20F1F00062C3F /* Products */;
			projectDirPath = "";
			projectRoot = "";
			targets = (
				339FC2A31AA20F1F00062C3F /* taskStorage */,
			);
		};
/* End PBXProject section */

/* Begin PBXSourcesBuildPhase section */
		339FC2A01AA20F1F00062C3F /* Sources */ = {
			isa = PBXSourcesBuildPhase;
			buildActionMask = 2147483647;
			files = (
				339FC2A81AA20F1F00062C3F /* main.cpp in Sources */,
			);
			runOnlyForDeploymentPostprocessing = 0;
		};
/* End PBXSourcesBuildPhase section */

/* Begin XCBuildConfiguration section */
		339FC2A91AA20F1F00062C3F /* Debug */ = {
			isa = XCBuildConfiguration;
			buildSettings = {
				ALWAYS_SEARCH_USER_PATHS = NO;
				CLANG_CXX_LANGUAGE_STANDARD = "gnu++0x";
				CLANG_CXX_LIBRARY = "libc++";
				CLANG_ENABLE_MODULES = YES;
				CLANG_ENABLE_OBJC_ARC = YES;
				CLANG_WARN_BOOL_CONVERSION = YES;
				CLANG_WARN_CONSTANT_CONVERSION = YES;
				CLANG_WARN_DIRECT_OBJC_ISA_USAGE = YES_ERROR;
				CLANG_WARN_EMPTY_BODY = YES;
				CLANG_WARN_ENUM_CONVERSION = YES;
				CLANG_WARN_INT_CONVERSION = YES;
				CLANG_WARN_OBJC_ROOT_CLASS = YES_ERROR;
				CLANG_WARN_UNREACHABLE_CODE = YES;
				CLANG_WARN__DUPLICATE_METHOD_MATCH = YES;
				COPY_PHASE_STRIP = NO;
				ENABLE_STRICT_OBJC_MSGSEND = YES;
				GCC_C_LANGUAGE_STANDARD = gnu99;
				GCC_DYNAMIC_NO_PIC = NO;
				GCC_OPTIMIZATION_LEVEL = 0;
				GCC_PREPROCESSOR_DEFINITIONS = (
					"DEBUG=1",
					"$(inherited)",
				);
				GCC_SYMBOLS_PRIVATE_EXTERN = NO;
				GCC_WARN_64_TO_32_BIT_CONVERSION = YES;
				GCC_WARN_ABOUT_RETURN_TYPE = YES_ERROR;
				GCC_WARN_UNDECLARED_SELECTOR = YES;
				GCC_WARN_UNINITIALIZED_AUTOS = YES_AGGRESSIVE;
				GCC_WARN_UNUSED_FUNCTION = YES;
				GCC_WARN_UNUSED_VARIABLE = YES;
				MACOSX_DEPLOYMENT_TARGET = 10.10;
				MTL_ENABLE_DEBUG_INFO = YES;
				ONLY_ACTIVE_ARCH = YES;
				SDKROOT = macosx;
			};
			name = Debug;
		};
		339FC2AA1AA20F1F00062C3F /* Release */ = {
			isa = XCBuildConfiguration;
			buildSettings = {
				ALWAYS_SEARCH_USER_PATHS = NO;
				CLANG_CXX_LANGUAGE_STANDARD = "gnu++0x";
				CLANG_CXX_LIBRARY = "libc++";
				CLANG_ENABLE_MODULES = YES;
				CLANG_ENABLE_OBJC_ARC = YES;
				CLANG_WARN_BOOL_CONVERSION = YES;
				CLANG_WARN_CONSTANT_CONVERSION = YES;
				CLANG_WARN_DIRECT_OBJC_ISA_USAGE = YES_ERROR;
				CLANG_WARN_EMPTY_BODY = YES;
				CLANG_WARN_ENUM_CONVERSION = YES;
				CLANG_WARN_INT_CONVERSION = YES;
				CLANG_WARN_OBJC_ROOT_CLASS = YES_ERROR;
				CLANG_WARN_UNREACHABLE_CODE = YES;
				CLANG_WARN__DUPLICATE_METHOD_MATCH = YES;
				COPY_PHASE_STRIP = YES;
				DEBUG_INFORMATION_FORMAT = "dwarf-with-dsym";
				ENABLE_NS_ASSERTIONS = NO;
				ENABLE_STRICT_OBJC_MSGSEND = YES;
				GCC_C_LANGUAGE_STANDARD = gnu99;
				GCC_WARN_64_TO_32_BIT_CONVERSION = YES;
				GCC_WARN_ABOUT_RETURN_TYPE = YES_ERROR;
				GCC_WARN_UNDECLARED_SELECTOR = YES;
				GCC_WARN_UNINITIALIZED_AUTOS = YES_AGGRESSIVE;
				GCC_WARN_UNUSED_FUNCTION = YES;
				GCC_WARN_UNUSED_VARIABLE = YES;
				MACOSX_DEPLOYMENT_TARGET = 10.10;
				MTL_ENABLE_DEBUG_INFO = NO;
				SDKROOT = macosx;
			};
			name = Release;
		};
		339FC2AC1AA20F1F00062C3F /* Debug */ = {
			isa = XCBuildConfiguration;
			buildSettings = {
				PRODUCT_NAME = "$(TARGET_NAME)";
			};
			name = Debug;
		};
		339FC2AD1AA20F1F00062C3F /* Release */ = {
			isa = XCBuildConfiguration;
			buildSettings = {
				PRODUCT_NAME = "$(TARGET_NAME)";
			};
			name = Release;
		};
/* End XCBuildConfiguration section */

/* Begin XCConfigurationList section */
		339FC29F1AA20F1F00062C3F /* Build configuration list for PBXProject "taskStorage" */ = {
			isa = XCConfigurationList;
			buildConfigurations = (
				339FC2A91AA20F1F00062C3F /* Debug */,
				339FC2AA1AA20F1F00062C3F /* Release */,
			);
			defaultConfigurationIsVisible = 0;
			defaultConfigurationName = Release;
		};
		339FC2AB1AA20F1F00062C3F /* Build configuration list for PBXNativeTarget "taskStorage" */ = {
			isa = XCConfigurationList;
			buildConfigurations = (
				339FC2AC1AA20F1F00062C3F /* Debug */,
				339FC2AD1AA20F1F00062C3F /* Release */,
			);
			defaultConfigurationIsVisible = 0;
		};
/* End XCConfigurationList section */
	};
	rootObject = 339FC29C1AA20F1F00062C3F /* Project object */;
}
